Microsoft Visual Studio Solution File, Format Version 8.00
Project("{8BC9CEB8-8B4A-11D0-8D11-00A0C91BC942}") = "CAdv", "CAdv.vcproj", "{16792FC3-CB3C-451D-9FA1-6D68C53F5F70}"
	ProjectSection(ProjectDependencies) = postProject
	EndProjectSection
EndProject
Global
	GlobalSection(SolutionConfiguration) = preSolution
		Debug = Debug
		Release = Release
	EndGlobalSection
	GlobalSection(ProjectConfiguration) = postSolution
		{16792FC3-CB3C-451D-9FA1-6D68C53F5F70}.Debug.ActiveCfg = Debug|Win32
		{16792FC3-CB3C-451D-9FA1-6D68C53F5F70}.Debug.Build.0 = Debug|Win32
		{16792FC3-CB3C-451D-9FA1-6D68C53F5F70}.Release.ActiveCfg = Release|Win32
		{16792FC3-CB3C-451D-9FA1-6D68C53F5F70}.Release.Build.0 = Release|Win32
	EndGlobalSection
	GlobalSection(ExtensibilityGlobals) = postSolution
	EndGlobalSection
	GlobalSection(ExtensibilityAddIns) = postSolution
	EndGlobalSection
EndGlobal
